// !$*UTF8*$!
{
	archiveVersion = 1;
	classes = {
	};
	objectVersion = 46;
	objects = {

/* Begin PBXBuildFile section */
		D71D884D1DE3343F002A55F4 /* AppDelegate.swift in Sources */ = {isa = PBXBuildFile; fileRef = D71D88431DE3343F002A55F4 /* AppDelegate.swift */; };
		D71D884E1DE3343F002A55F4 /* Assets.xcassets in Resources */ = {isa = PBXBuildFile; fileRef = D71D88441DE3343F002A55F4 /* Assets.xcassets */; };
		D71D884F1DE3343F002A55F4 /* LaunchScreen.storyboard in Resources */ = {isa = PBXBuildFile; fileRef = D71D88451DE3343F002A55F4 /* LaunchScreen.storyboard */; };
		D71D88501DE3343F002A55F4 /* Main.storyboard in Resources */ = {isa = PBXBuildFile; fileRef = D71D88471DE3343F002A55F4 /* Main.storyboard */; };
		D71D88511DE3343F002A55F4 /* ExtradeHeader.swift in Sources */ = {isa = PBXBuildFile; fileRef = D71D88491DE3343F002A55F4 /* ExtradeHeader.swift */; };
		D71D88521DE3343F002A55F4 /* Info.plist in Resources */ = {isa = PBXBuildFile; fileRef = D71D884A1DE3343F002A55F4 /* Info.plist */; };
		D71D88531DE3343F002A55F4 /* NextViewController.swift in Sources */ = {isa = PBXBuildFile; fileRef = D71D884B1DE3343F002A55F4 /* NextViewController.swift */; };
		D71D88541DE3343F002A55F4 /* ViewController.swift in Sources */ = {isa = PBXBuildFile; fileRef = D71D884C1DE3343F002A55F4 /* ViewController.swift */; };
/* End PBXBuildFile section */

/* Begin PBXFileReference section */
		D71D88431DE3343F002A55F4 /* AppDelegate.swift */ = {isa = PBXFileReference; fileEncoding = 4; lastKnownFileType = sourcecode.swift; path = AppDelegate.swift; sourceTree = "<group>"; };
		D71D88441DE3343F002A55F4 /* Assets.xcassets */ = {isa = PBXFileReference; lastKnownFileType = folder.assetcatalog; path = Assets.xcassets; sourceTree = "<group>"; };
		D71D88461DE3343F002A55F4 /* Base */ = {isa = PBXFileReference; lastKnownFileType = file.storyboard; name = Base; path = Base.lproj/LaunchScreen.storyboard; sourceTree = "<group>"; };
		D71D88481DE3343F002A55F4 /* Base */ = {isa = PBXFileReference; lastKnownFileType = file.storyboard; name = Base; path = Base.lproj/Main.storyboard; sourceTree = "<group>"; };
		D71D88491DE3343F002A55F4 /* ExtradeHeader.swift */ = {isa = PBXFileReference; fileEncoding = 4; lastKnownFileType = sourcecode.swift; path = ExtradeHeader.swift; sourceTree = "<group>"; };
		D71D884A1DE3343F002A55F4 /* Info.plist */ = {isa = PBXFileReference; fileEncoding = 4; lastKnownFileType = text.plist.xml; path = Info.plist; sourceTree = "<group>"; };
		D71D884B1DE3343F002A55F4 /* NextViewController.swift */ = {isa = PBXFileReference; fileEncoding = 4; lastKnownFileType = sourcecode.swift; path = NextViewController.swift; sourceTree = "<group>"; };
		D71D884C1DE3343F002A55F4 /* ViewController.swift */ = {isa = PBXFileReference; fileEncoding = 4; lastKnownFileType = sourcecode.swift; path = ViewController.swift; sourceTree = "<group>"; };
		D7F6A8321DDEAEDA00D80D99 /* ExtradeRefreshDemo.app */ = {isa = PBXFileReference; explicitFileType = wrapper.application; includeInIndex = 0; path = ExtradeRefreshDemo.app; sourceTree = BUILT_PRODUCTS_DIR; };
/* End PBXFileReference section */

/* Begin PBXFrameworksBuildPhase section */
		D7F6A82F1DDEAEDA00D80D99 /* Frameworks */ = {
			isa = PBXFrameworksBuildPhase;
			buildActionMask = 2147483647;
			files = (
			);
			runOnlyForDeploymentPostprocessing = 0;
		};
/* End PBXFrameworksBuildPhase section */

/* Begin PBXGroup section */
		D71D88421DE3343F002A55F4 /* ExtradeRefreshDemo */ = {
			isa = PBXGroup;
			children = (
				D71D88491DE3343F002A55F4 /* ExtradeHeader.swift */,
				D71D884B1DE3343F002A55F4 /* NextViewController.swift */,
				D71D884C1DE3343F002A55F4 /* ViewController.swift */,
				D71D88451DE3343F002A55F4 /* LaunchScreen.storyboard */,
				D71D88471DE3343F002A55F4 /* Main.storyboard */,
				D71D88431DE3343F002A55F4 /* AppDelegate.swift */,
				D71D884A1DE3343F002A55F4 /* Info.plist */,
				D71D88441DE3343F002A55F4 /* Assets.xcassets */,
			);
			path = ExtradeRefreshDemo;
			sourceTree = "<group>";
		};
		D7F6A8291DDEAEDA00D80D99 = {
			isa = PBXGroup;
			children = (
				D71D88421DE3343F002A55F4 /* ExtradeRefreshDemo */,
				D7F6A8331DDEAEDA00D80D99 /* Products */,
			);
			sourceTree = "<group>";
		};
		D7F6A8331DDEAEDA00D80D99 /* Products */ = {
			isa = PBXGroup;
			children = (
				D7F6A8321DDEAEDA00D80D99 /* ExtradeRefreshDemo.app */,
			);
			name = Products;
			sourceTree = "<group>";
		};
/* End PBXGroup section */

/* Begin PBXNativeTarget section */
		D7F6A8311DDEAEDA00D80D99 /* ExtradeRefreshDemo */ = {
			isa = PBXNativeTarget;
			buildConfigurationList = D7F6A8441DDEAEDA00D80D99 /* Build configuration list for PBXNativeTarget "ExtradeRefreshDemo" */;
			buildPhases = (
				D7F6A82E1DDEAEDA00D80D99 /* Sources */,
				D7F6A82F1DDEAEDA00D80D99 /* Frameworks */,
				D7F6A8301DDEAEDA00D80D99 /* Resources */,
			);
			buildRules = (
			);
			dependencies = (
			);
			name = ExtradeRefreshDemo;
			productName = LayerTest2;
			productReference = D7F6A8321DDEAEDA00D80D99 /* ExtradeRefreshDemo.app */;
			productType = "com.apple.product-type.application";
		};
/* End PBXNativeTarget section */

/* Begin PBXProject section */
		D7F6A82A1DDEAEDA00D80D99 /* Project object */ = {
			isa = PBXProject;
			attributes = {
				LastSwiftUpdateCheck = 0810;
				LastUpgradeCheck = 0810;
				ORGANIZATIONNAME = renxiaojian;
				TargetAttributes = {
					D7F6A8311DDEAEDA00D80D99 = {
						CreatedOnToolsVersion = 8.1;
						DevelopmentTeam = 3HUUWY9C4G;
						ProvisioningStyle = Automatic;
					};
				};
			};
			buildConfigurationList = D7F6A82D1DDEAEDA00D80D99 /* Build configuration list for PBXProject "ExtradeRefreshDemo" */;
			compatibilityVersion = "Xcode 3.2";
			developmentRegion = English;
			hasScannedForEncodings = 0;
			knownRegions = (
				en,
				Base,
			);
			mainGroup = D7F6A8291DDEAEDA00D80D99;
			productRefGroup = D7F6A8331DDEAEDA00D80D99 /* Products */;
			projectDirPath = "";
			projectRoot = "";
			targets = (
				D7F6A8311DDEAEDA00D80D99 /* ExtradeRefreshDemo */,
			);
		};
/* End PBXProject section */

/* Begin PBXResourcesBuildPhase section */
		D7F6A8301DDEAEDA00D80D99 /* Resources */ = {
			isa = PBXResourcesBuildPhase;
			buildActionMask = 2147483647;
			files = (
				D71D88521DE3343F002A55F4 /* Info.plist in Resources */,
				D71D88501DE3343F002A55F4 /* Main.storyboard in Resources */,
				D71D884E1DE3343F002A55F4 /* Assets.xcassets in Resources */,
				D71D884F1DE3343F002A55F4 /* LaunchScreen.storyboard in Resources */,
			);
			runOnlyForDeploymentPostprocessing = 0;
		};
/* End PBXResourcesBuildPhase section */

/* Begin PBXSourcesBuildPhase section */
		D7F6A82E1DDEAEDA00D80D99 /* Sources */ = {
			isa = PBXSourcesBuildPhase;
			buildActionMask = 2147483647;
			files = (
				D71D88511DE3343F002A55F4 /* ExtradeHeader.swift in Sources */,
				D71D88531DE3343F002A55F4 /* NextViewController.swift in Sources */,
				D71D88541DE3343F002A55F4 /* ViewController.swift in Sources */,
				D71D884D1DE3343F002A55F4 /* AppDelegate.swift in Sources */,
			);
			runOnlyForDeploymentPostprocessing = 0;
		};
/* End PBXSourcesBuildPhase section */

/* Begin PBXVariantGroup section */
		D71D88451DE3343F002A55F4 /* LaunchScreen.storyboard */ = {
			isa = PBXVariantGroup;
			children = (
				D71D88461DE3343F002A55F4 /* Base */,
			);
			name = LaunchScreen.storyboard;
			sourceTree = "<group>";
		};
		D71D88471DE3343F002A55F4 /* Main.storyboard */ = {
			isa = PBXVariantGroup;
			children = (
				D71D88481DE3343F002A55F4 /* Base */,
			);
			name = Main.storyboard;
			sourceTree = "<group>";
		};
/* End PBXVariantGroup section */

/* Begin XCBuildConfiguration section */
		D7F6A8421DDEAEDA00D80D99 /* Debug */ = {
			isa = XCBuildConfiguration;
			buildSettings = {
				ALWAYS_SEARCH_USER_PATHS = NO;
				CLANG_ANALYZER_NONNULL = YES;
				CLANG_CXX_LANGUAGE_STANDARD = "gnu++0x";
				CLANG_CXX_LIBRARY = "libc++";
				CLANG_ENABLE_MODULES = YES;
				CLANG_ENABLE_OBJC_ARC = YES;
				CLANG_WARN_BOOL_CONVERSION = YES;
				CLANG_WARN_CONSTANT_CONVERSION = YES;
				CLANG_WARN_DIRECT_OBJC_ISA_USAGE = YES_ERROR;
				CLANG_WARN_DOCUMENTATION_COMMENTS = YES;
				CLANG_WARN_EMPTY_BODY = YES;
				CLANG_WARN_ENUM_CONVERSION = YES;
				CLANG_WARN_INFINITE_RECURSION = YES;
				CLANG_WARN_INT_CONVERSION = YES;
				CLANG_WARN_OBJC_ROOT_CLASS = YES_ERROR;
				CLANG_WARN_SUSPICIOUS_MOVES = YES;
				CLANG_WARN_UNREACHABLE_CODE = YES;
				CLANG_WARN__DUPLICATE_METHOD_MATCH = YES;
				"CODE_SIGN_IDENTITY[sdk=iphoneos*]" = "iPhone Developer";
				COPY_PHASE_STRIP = NO;
				DEBUG_INFORMATION_FORMAT = dwarf;
				ENABLE_STRICT_OBJC_MSGSEND = YES;
				ENABLE_TESTABILITY = YES;
				GCC_C_LANGUAGE_STANDARD = gnu99;
				GCC_DYNAMIC_NO_PIC = NO;
				GCC_NO_COMMON_BLOCKS = YES;
				GCC_OPTIMIZATION_LEVEL = 0;
				GCC_PREPROCESSOR_DEFINITIONS = (
					"DEBUG=1",
					"$(inherited)",
				);
				GCC_WARN_64_TO_32_BIT_CONVERSION = YES;
				GCC_WARN_ABOUT_RETURN_TYPE = YES_ERROR;
				GCC_WARN_UNDECLARED_SELECTOR = YES;
				GCC_WARN_UNINITIALIZED_AUTOS = YES_AGGRESSIVE;
				GCC_WARN_UNUSED_FUNCTION = YES;
				GCC_WARN_UNUSED_VARIABLE = YES;
				IPHONEOS_DEPLOYMENT_TARGET = 9.0;
				MTL_ENABLE_DEBUG_INFO = YES;
				ONLY_ACTIVE_ARCH = YES;
				SDKROOT = iphoneos;
				SWIFT_ACTIVE_COMPILATION_CONDITIONS = DEBUG;
				SWIFT_OPTIMIZATION_LEVEL = "-Onone";
			};
			name = Debug;
		};
		D7F6A8431DDEAEDA00D80D99 /* Release */ = {
			isa = XCBuildConfiguration;
			buildSettings = {
				ALWAYS_SEARCH_USER_PATHS = NO;
				CLANG_ANALYZER_NONNULL = YES;
				CLANG_CXX_LANGUAGE_STANDARD = "gnu++0x";
				CLANG_CXX_LIBRARY = "libc++";
				CLANG_ENABLE_MODULES = YES;
				CLANG_ENABLE_OBJC_ARC = YES;
				CLANG_WARN_BOOL_CONVERSION = YES;
				CLANG_WARN_CONSTANT_CONVERSION = YES;
				CLANG_WARN_DIRECT_OBJC_ISA_USAGE = YES_ERROR;
				CLANG_WARN_DOCUMENTATION_COMMENTS = YES;
				CLANG_WARN_EMPTY_BODY = YES;
				CLANG_WARN_ENUM_CONVERSION = YES;
				CLANG_WARN_INFINITE_RECURSION = YES;
				CLANG_WARN_INT_CONVERSION = YES;
				CLANG_WARN_OBJC_ROOT_CLASS = YES_ERROR;
				CLANG_WARN_SUSPICIOUS_MOVES = YES;
				CLANG_WARN_UNREACHABLE_CODE = YES;
				CLANG_WARN__DUPLICATE_METHOD_MATCH = YES;
				"CODE_SIGN_IDENTITY[sdk=iphoneos*]" = "iPhone Developer";
				COPY_PHASE_STRIP = NO;
				DEBUG_INFORMATION_FORMAT = "dwarf-with-dsym";
				ENABLE_NS_ASSERTIONS = NO;
				ENABLE_STRICT_OBJC_MSGSEND = YES;
				GCC_C_LANGUAGE_STANDARD = gnu99;
				GCC_NO_COMMON_BLOCKS = YES;
				GCC_WARN_64_TO_32_BIT_CONVERSION = YES;
				GCC_WARN_ABOUT_RETURN_TYPE = YES_ERROR;
				GCC_WARN_UNDECLARED_SELECTOR = YES;
				GCC_WARN_UNINITIALIZED_AUTOS = YES_AGGRESSIVE;
				GCC_WARN_UNUSED_FUNCTION = YES;
				GCC_WARN_UNUSED_VARIABLE = YES;
				IPHONEOS_DEPLOYMENT_TARGET = 9.0;
				MTL_ENABLE_DEBUG_INFO = NO;
				SDKROOT = iphoneos;
				SWIFT_OPTIMIZATION_LEVEL = "-Owholemodule";
				VALIDATE_PRODUCT = YES;
			};
			name = Release;
		};
		D7F6A8451DDEAEDA00D80D99 /* Debug */ = {
			isa = XCBuildConfiguration;
			buildSettings = {
				ASSETCATALOG_COMPILER_APPICON_NAME = AppIcon;
				DEVELOPMENT_TEAM = 3HUUWY9C4G;
				INFOPLIST_FILE = ExtradeRefreshDemo/Info.plist;
				LD_RUNPATH_SEARCH_PATHS = "$(inherited) @executable_path/Frameworks";
				PRODUCT_BUNDLE_IDENTIFIER = YLB.ExtradeRefreshDemo;
				PRODUCT_NAME = "$(TARGET_NAME)";
				SWIFT_VERSION = 3.0;
			};
			name = Debug;
		};
		D7F6A8461DDEAEDA00D80D99 /* Release */ = {
			isa = XCBuildConfiguration;
			buildSettings = {
				ASSETCATALOG_COMPILER_APPICON_NAME = AppIcon;
				DEVELOPMENT_TEAM = 3HUUWY9C4G;
				INFOPLIST_FILE = ExtradeRefreshDemo/Info.plist;
				LD_RUNPATH_SEARCH_PATHS = "$(inherited) @executable_path/Frameworks";
				PRODUCT_BUNDLE_IDENTIFIER = YLB.ExtradeRefreshDemo;
				PRODUCT_NAME = "$(TARGET_NAME)";
				SWIFT_VERSION = 3.0;
			};
			name = Release;
		};
/* End XCBuildConfiguration section */

/* Begin XCConfigurationList section */
		D7F6A82D1DDEAEDA00D80D99 /* Build configuration list for PBXProject "ExtradeRefreshDemo" */ = {
			isa = XCConfigurationList;
			buildConfigurations = (
				D7F6A8421DDEAEDA00D80D99 /* Debug */,
				D7F6A8431DDEAEDA00D80D99 /* Release */,
			);
			defaultConfigurationIsVisible = 0;
			defaultConfigurationName = Release;
		};
		D7F6A8441DDEAEDA00D80D99 /* Build configuration list for PBXNativeTarget "ExtradeRefreshDemo" */ = {
			isa = XCConfigurationList;
			buildConfigurations = (
				D7F6A8451DDEAEDA00D80D99 /* Debug */,
				D7F6A8461DDEAEDA00D80D99 /* Release */,
			);
			defaultConfigurationIsVisible = 0;
			defaultConfigurationName = Release;
		};
/* End XCConfigurationList section */
	};
	rootObject = D7F6A82A1DDEAEDA00D80D99 /* Project object */;
}
